
Microsoft Visual Studio Solution File, Format Version 12.00
# Visual Studio Version 17
VisualStudioVersion = 17.3.32929.385
MinimumVisualStudioVersion = 10.0.40219.1
Project("{9A19103F-16F7-4668-BE54-9A1E7A4F7556}") = "AzureAppTest", "AzureAppTest\AzureAppTest.csproj", "{092DED51-A707-47CA-8D9B-10D783E7FD67}"
EndProject
Project("{FAE04EC0-301F-11D3-BF4B-00C04F79EFBC}") = "TestProject1", "TestProject1\TestProject1.csproj", "{78E52127-986C-493F-94D9-71335F887D64}"
EndProject
Global
	GlobalSection(SolutionConfigurationPlatforms) = preSolution
		Debug|Any CPU = Debug|Any CPU
		Release|Any CPU = Release|Any CPU
	EndGlobalSection
	GlobalSection(ProjectConfigurationPlatforms) = postSolution
		{092DED51-A707-47CA-8D9B-10D783E7FD67}.Debug|Any CPU.ActiveCfg = Debug|Any CPU
		{092DED51-A707-47CA-8D9B-10D783E7FD67}.Debug|Any CPU.Build.0 = Debug|Any CPU
		{092DED51-A707-47CA-8D9B-10D783E7FD67}.Release|Any CPU.ActiveCfg = Release|Any CPU
		{092DED51-A707-47CA-8D9B-10D783E7FD67}.Release|Any CPU.Build.0 = Release|Any CPU
		{78E52127-986C-493F-94D9-71335F887D64}.Debug|Any CPU.ActiveCfg = Debug|Any CPU
		{78E52127-986C-493F-94D9-71335F887D64}.Debug|Any CPU.Build.0 = Debug|Any CPU
		{78E52127-986C-493F-94D9-71335F887D64}.Release|Any CPU.ActiveCfg = Release|Any CPU
		{78E52127-986C-493F-94D9-71335F887D64}.Release|Any CPU.Build.0 = Release|Any CPU
	EndGlobalSection
	GlobalSection(SolutionProperties) = preSolution
		HideSolutionNode = FALSE
	EndGlobalSection
	GlobalSection(ExtensibilityGlobals) = postSolution
		SolutionGuid = {CE3EBF77-72BC-491C-866C-3384A955B474}
	EndGlobalSection
EndGlobal
